
Microsoft Visual Studio Solution File, Format Version 12.00
# Visual Studio Version 17
VisualStudioVersion = 17.0.31903.59
MinimumVisualStudioVersion = 10.0.40219.1
Project("{2150E333-8FDC-42A3-9474-1A3956D46DE8}") = "src", "src", "{257C3E7A-416E-40F3-9612-7F6F60874DC0}"
EndProject
Project("{FAE04EC0-301F-11D3-BF4B-00C04F79EFBC}") = "ToDoList.WebApi", "src\ToDoList.WebApi\ToDoList.WebApi.csproj", "{ED8AC60E-23AC-4A4C-B2FE-92C2397ADC13}"
EndProject
Project("{FAE04EC0-301F-11D3-BF4B-00C04F79EFBC}") = "ToDoList.Domain", "src\ToDoList.Domain\ToDoList.Domain.csproj", "{4624FA1B-F4BA-484E-8D17-FD7A2AD481B9}"
EndProject
Project("{2150E333-8FDC-42A3-9474-1A3956D46DE8}") = "tests", "tests", "{A474F077-DE37-4478-B540-DBCE514A67A8}"
EndProject
Project("{FAE04EC0-301F-11D3-BF4B-00C04F79EFBC}") = "ToDoList.Test", "tests\ToDoList.Test\ToDoList.Test.csproj", "{9C90D398-418F-49B6-BA20-9BEC44190ED0}"
EndProject
Global
	GlobalSection(SolutionConfigurationPlatforms) = preSolution
		Debug|Any CPU = Debug|Any CPU
		Release|Any CPU = Release|Any CPU
	EndGlobalSection
	GlobalSection(SolutionProperties) = preSolution
		HideSolutionNode = FALSE
	EndGlobalSection
	GlobalSection(ProjectConfigurationPlatforms) = postSolution
		{ED8AC60E-23AC-4A4C-B2FE-92C2397ADC13}.Debug|Any CPU.ActiveCfg = Debug|Any CPU
		{ED8AC60E-23AC-4A4C-B2FE-92C2397ADC13}.Debug|Any CPU.Build.0 = Debug|Any CPU
		{ED8AC60E-23AC-4A4C-B2FE-92C2397ADC13}.Release|Any CPU.ActiveCfg = Release|Any CPU
		{ED8AC60E-23AC-4A4C-B2FE-92C2397ADC13}.Release|Any CPU.Build.0 = Release|Any CPU
		{4624FA1B-F4BA-484E-8D17-FD7A2AD481B9}.Debug|Any CPU.ActiveCfg = Debug|Any CPU
		{4624FA1B-F4BA-484E-8D17-FD7A2AD481B9}.Debug|Any CPU.Build.0 = Debug|Any CPU
		{4624FA1B-F4BA-484E-8D17-FD7A2AD481B9}.Release|Any CPU.ActiveCfg = Release|Any CPU
		{4624FA1B-F4BA-484E-8D17-FD7A2AD481B9}.Release|Any CPU.Build.0 = Release|Any CPU
		{9C90D398-418F-49B6-BA20-9BEC44190ED0}.Debug|Any CPU.ActiveCfg = Debug|Any CPU
		{9C90D398-418F-49B6-BA20-9BEC44190ED0}.Debug|Any CPU.Build.0 = Debug|Any CPU
		{9C90D398-418F-49B6-BA20-9BEC44190ED0}.Release|Any CPU.ActiveCfg = Release|Any CPU
		{9C90D398-418F-49B6-BA20-9BEC44190ED0}.Release|Any CPU.Build.0 = Release|Any CPU
	EndGlobalSection
	GlobalSection(NestedProjects) = preSolution
		{ED8AC60E-23AC-4A4C-B2FE-92C2397ADC13} = {257C3E7A-416E-40F3-9612-7F6F60874DC0}
		{4624FA1B-F4BA-484E-8D17-FD7A2AD481B9} = {257C3E7A-416E-40F3-9612-7F6F60874DC0}
		{9C90D398-418F-49B6-BA20-9BEC44190ED0} = {A474F077-DE37-4478-B540-DBCE514A67A8}
	EndGlobalSection
EndGlobal
